// !$*UTF8*$!
{
	archiveVersion = 1;
	classes = {
	};
	objectVersion = 46;
	objects = {

/* Begin PBXBuildFile section */
		464634B31CC19140003DAB09 /* AppDelegate.swift in Sources */ = {isa = PBXBuildFile; fileRef = 464634B21CC19140003DAB09 /* AppDelegate.swift */; };
		464634B51CC19140003DAB09 /* ViewController.swift in Sources */ = {isa = PBXBuildFile; fileRef = 464634B41CC19140003DAB09 /* ViewController.swift */; };
		464634B81CC19140003DAB09 /* Main.storyboard in Resources */ = {isa = PBXBuildFile; fileRef = 464634B61CC19140003DAB09 /* Main.storyboard */; };
		464634BB1CC19140003DAB09 /* VideoPlayRecord.xcdatamodeld in Sources */ = {isa = PBXBuildFile; fileRef = 464634B91CC19140003DAB09 /* VideoPlayRecord.xcdatamodeld */; };
		464634BD1CC19140003DAB09 /* Assets.xcassets in Resources */ = {isa = PBXBuildFile; fileRef = 464634BC1CC19140003DAB09 /* Assets.xcassets */; };
		464634C01CC19140003DAB09 /* LaunchScreen.storyboard in Resources */ = {isa = PBXBuildFile; fileRef = 464634BE1CC19140003DAB09 /* LaunchScreen.storyboard */; };
/* End PBXBuildFile section */

/* Begin PBXFileReference section */
		464634AF1CC19140003DAB09 /* VideoPlayRecord.app */ = {isa = PBXFileReference; explicitFileType = wrapper.application; includeInIndex = 0; path = VideoPlayRecord.app; sourceTree = BUILT_PRODUCTS_DIR; };
		464634B21CC19140003DAB09 /* AppDelegate.swift */ = {isa = PBXFileReference; lastKnownFileType = sourcecode.swift; path = AppDelegate.swift; sourceTree = "<group>"; };
		464634B41CC19140003DAB09 /* ViewController.swift */ = {isa = PBXFileReference; lastKnownFileType = sourcecode.swift; path = ViewController.swift; sourceTree = "<group>"; };
		464634B71CC19140003DAB09 /* Base */ = {isa = PBXFileReference; lastKnownFileType = file.storyboard; name = Base; path = Base.lproj/Main.storyboard; sourceTree = "<group>"; };
		464634BA1CC19140003DAB09 /* VideoPlayRecord.xcdatamodel */ = {isa = PBXFileReference; lastKnownFileType = wrapper.xcdatamodel; path = VideoPlayRecord.xcdatamodel; sourceTree = "<group>"; };
		464634BC1CC19140003DAB09 /* Assets.xcassets */ = {isa = PBXFileReference; lastKnownFileType = folder.assetcatalog; path = Assets.xcassets; sourceTree = "<group>"; };
		464634BF1CC19140003DAB09 /* Base */ = {isa = PBXFileReference; lastKnownFileType = file.storyboard; name = Base; path = Base.lproj/LaunchScreen.storyboard; sourceTree = "<group>"; };
		464634C11CC19140003DAB09 /* Info.plist */ = {isa = PBXFileReference; lastKnownFileType = text.plist.xml; path = Info.plist; sourceTree = "<group>"; };
/* End PBXFileReference section */

/* Begin PBXFrameworksBuildPhase section */
		464634AC1CC19140003DAB09 /* Frameworks */ = {
			isa = PBXFrameworksBuildPhase;
			buildActionMask = 2147483647;
			files = (
			);
			runOnlyForDeploymentPostprocessing = 0;
		};
/* End PBXFrameworksBuildPhase section */

/* Begin PBXGroup section */
		464634A61CC19140003DAB09 = {
			isa = PBXGroup;
			children = (
				464634B11CC19140003DAB09 /* VideoPlayRecord */,
				464634B01CC19140003DAB09 /* Products */,
			);
			sourceTree = "<group>";
		};
		464634B01CC19140003DAB09 /* Products */ = {
			isa = PBXGroup;
			children = (
				464634AF1CC19140003DAB09 /* VideoPlayRecord.app */,
			);
			name = Products;
			sourceTree = "<group>";
		};
		464634B11CC19140003DAB09 /* VideoPlayRecord */ = {
			isa = PBXGroup;
			children = (
				464634B21CC19140003DAB09 /* AppDelegate.swift */,
				464634B41CC19140003DAB09 /* ViewController.swift */,
				464634B61CC19140003DAB09 /* Main.storyboard */,
				464634BC1CC19140003DAB09 /* Assets.xcassets */,
				464634BE1CC19140003DAB09 /* LaunchScreen.storyboard */,
				464634C11CC19140003DAB09 /* Info.plist */,
				464634B91CC19140003DAB09 /* VideoPlayRecord.xcdatamodeld */,
			);
			path = VideoPlayRecord;
			sourceTree = "<group>";
		};
/* End PBXGroup section */

/* Begin PBXNativeTarget section */
		464634AE1CC19140003DAB09 /* VideoPlayRecord */ = {
			isa = PBXNativeTarget;
			buildConfigurationList = 464634C41CC19140003DAB09 /* Build configuration list for PBXNativeTarget "VideoPlayRecord" */;
			buildPhases = (
				464634AB1CC19140003DAB09 /* Sources */,
				464634AC1CC19140003DAB09 /* Frameworks */,
				464634AD1CC19140003DAB09 /* Resources */,
			);
			buildRules = (
			);
			dependencies = (
			);
			name = VideoPlayRecord;
			productName = VideoPlayRecord;
			productReference = 464634AF1CC19140003DAB09 /* VideoPlayRecord.app */;
			productType = "com.apple.product-type.application";
		};
/* End PBXNativeTarget section */

/* Begin PBXProject section */
		464634A71CC19140003DAB09 /* Project object */ = {
			isa = PBXProject;
			attributes = {
				LastSwiftUpdateCheck = 0730;
				LastUpgradeCheck = 0730;
				ORGANIZATIONNAME = "Marytal Briskin";
				TargetAttributes = {
					464634AE1CC19140003DAB09 = {
						CreatedOnToolsVersion = 7.3;
					};
				};
			};
			buildConfigurationList = 464634AA1CC19140003DAB09 /* Build configuration list for PBXProject "VideoPlayRecord" */;
			compatibilityVersion = "Xcode 3.2";
			developmentRegion = English;
			hasScannedForEncodings = 0;
			knownRegions = (
				en,
				Base,
			);
			mainGroup = 464634A61CC19140003DAB09;
			productRefGroup = 464634B01CC19140003DAB09 /* Products */;
			projectDirPath = "";
			projectRoot = "";
			targets = (
				464634AE1CC19140003DAB09 /* VideoPlayRecord */,
			);
		};
/* End PBXProject section */

/* Begin PBXResourcesBuildPhase section */
		464634AD1CC19140003DAB09 /* Resources */ = {
			isa = PBXResourcesBuildPhase;
			buildActionMask = 2147483647;
			files = (
				464634C01CC19140003DAB09 /* LaunchScreen.storyboard in Resources */,
				464634BD1CC19140003DAB09 /* Assets.xcassets in Resources */,
				464634B81CC19140003DAB09 /* Main.storyboard in Resources */,
			);
			runOnlyForDeploymentPostprocessing = 0;
		};
/* End PBXResourcesBuildPhase section */

/* Begin PBXSourcesBuildPhase section */
		464634AB1CC19140003DAB09 /* Sources */ = {
			isa = PBXSourcesBuildPhase;
			buildActionMask = 2147483647;
			files = (
				464634B51CC19140003DAB09 /* ViewController.swift in Sources */,
				464634BB1CC19140003DAB09 /* VideoPlayRecord.xcdatamodeld in Sources */,
				464634B31CC19140003DAB09 /* AppDelegate.swift in Sources */,
			);
			runOnlyForDeploymentPostprocessing = 0;
		};
/* End PBXSourcesBuildPhase section */

/* Begin PBXVariantGroup section */
		464634B61CC19140003DAB09 /* Main.storyboard */ = {
			isa = PBXVariantGroup;
			children = (
				464634B71CC19140003DAB09 /* Base */,
			);
			name = Main.storyboard;
			sourceTree = "<group>";
		};
		464634BE1CC19140003DAB09 /* LaunchScreen.storyboard */ = {
			isa = PBXVariantGroup;
			children = (
				464634BF1CC19140003DAB09 /* Base */,
			);
			name = LaunchScreen.storyboard;
			sourceTree = "<group>";
		};
/* End PBXVariantGroup section */

/* Begin XCBuildConfiguration section */
		464634C21CC19140003DAB09 /* Debug */ = {
			isa = XCBuildConfiguration;
			buildSettings = {
				ALWAYS_SEARCH_USER_PATHS = NO;
				CLANG_ANALYZER_NONNULL = YES;
				CLANG_CXX_LANGUAGE_STANDARD = "gnu++0x";
				CLANG_CXX_LIBRARY = "libc++";
				CLANG_ENABLE_MODULES = YES;
				CLANG_ENABLE_OBJC_ARC = YES;
				CLANG_WARN_BOOL_CONVERSION = YES;
				CLANG_WARN_CONSTANT_CONVERSION = YES;
				CLANG_WARN_DIRECT_OBJC_ISA_USAGE = YES_ERROR;
				CLANG_WARN_EMPTY_BODY = YES;
				CLANG_WARN_ENUM_CONVERSION = YES;
				CLANG_WARN_INT_CONVERSION = YES;
				CLANG_WARN_OBJC_ROOT_CLASS = YES_ERROR;
				CLANG_WARN_UNREACHABLE_CODE = YES;
				CLANG_WARN__DUPLICATE_METHOD_MATCH = YES;
				"CODE_SIGN_IDENTITY[sdk=iphoneos*]" = "iPhone Developer";
				COPY_PHASE_STRIP = NO;
				DEBUG_INFORMATION_FORMAT = dwarf;
				ENABLE_STRICT_OBJC_MSGSEND = YES;
				ENABLE_TESTABILITY = YES;
				GCC_C_LANGUAGE_STANDARD = gnu99;
				GCC_DYNAMIC_NO_PIC = NO;
				GCC_NO_COMMON_BLOCKS = YES;
				GCC_OPTIMIZATION_LEVEL = 0;
				GCC_PREPROCESSOR_DEFINITIONS = (
					"DEBUG=1",
					"$(inherited)",
				);
				GCC_WARN_64_TO_32_BIT_CONVERSION = YES;
				GCC_WARN_ABOUT_RETURN_TYPE = YES_ERROR;
				GCC_WARN_UNDECLARED_SELECTOR = YES;
				GCC_WARN_UNINITIALIZED_AUTOS = YES_AGGRESSIVE;
				GCC_WARN_UNUSED_FUNCTION = YES;
				GCC_WARN_UNUSED_VARIABLE = YES;
				IPHONEOS_DEPLOYMENT_TARGET = 9.3;
				MTL_ENABLE_DEBUG_INFO = YES;
				ONLY_ACTIVE_ARCH = YES;
				SDKROOT = iphoneos;
				SWIFT_OPTIMIZATION_LEVEL = "-Onone";
			};
			name = Debug;
		};
		464634C31CC19140003DAB09 /* Release */ = {
			isa = XCBuildConfiguration;
			buildSettings = {
				ALWAYS_SEARCH_USER_PATHS = NO;
				CLANG_ANALYZER_NONNULL = YES;
				CLANG_CXX_LANGUAGE_STANDARD = "gnu++0x";
				CLANG_CXX_LIBRARY = "libc++";
				CLANG_ENABLE_MODULES = YES;
				CLANG_ENABLE_OBJC_ARC = YES;
				CLANG_WARN_BOOL_CONVERSION = YES;
				CLANG_WARN_CONSTANT_CONVERSION = YES;
				CLANG_WARN_DIRECT_OBJC_ISA_USAGE = YES_ERROR;
				CLANG_WARN_EMPTY_BODY = YES;
				CLANG_WARN_ENUM_CONVERSION = YES;
				CLANG_WARN_INT_CONVERSION = YES;
				CLANG_WARN_OBJC_ROOT_CLASS = YES_ERROR;
				CLANG_WARN_UNREACHABLE_CODE = YES;
				CLANG_WARN__DUPLICATE_METHOD_MATCH = YES;
				"CODE_SIGN_IDENTITY[sdk=iphoneos*]" = "iPhone Developer";
				COPY_PHASE_STRIP = NO;
				DEBUG_INFORMATION_FORMAT = "dwarf-with-dsym";
				ENABLE_NS_ASSERTIONS = NO;
				ENABLE_STRICT_OBJC_MSGSEND = YES;
				GCC_C_LANGUAGE_STANDARD = gnu99;
				GCC_NO_COMMON_BLOCKS = YES;
				GCC_WARN_64_TO_32_BIT_CONVERSION = YES;
				GCC_WARN_ABOUT_RETURN_TYPE = YES_ERROR;
				GCC_WARN_UNDECLARED_SELECTOR = YES;
				GCC_WARN_UNINITIALIZED_AUTOS = YES_AGGRESSIVE;
				GCC_WARN_UNUSED_FUNCTION = YES;
				GCC_WARN_UNUSED_VARIABLE = YES;
				IPHONEOS_DEPLOYMENT_TARGET = 9.3;
				MTL_ENABLE_DEBUG_INFO = NO;
				SDKROOT = iphoneos;
				VALIDATE_PRODUCT = YES;
			};
			name = Release;
		};
		464634C51CC19140003DAB09 /* Debug */ = {
			isa = XCBuildConfiguration;
			buildSettings = {
				ASSETCATALOG_COMPILER_APPICON_NAME = AppIcon;
				INFOPLIST_FILE = VideoPlayRecord/Info.plist;
				LD_RUNPATH_SEARCH_PATHS = "$(inherited) @executable_path/Frameworks";
				PRODUCT_BUNDLE_IDENTIFIER = com.VideoPlayRecord;
				PRODUCT_NAME = "$(TARGET_NAME)";
			};
			name = Debug;
		};
		464634C61CC19140003DAB09 /* Release */ = {
			isa = XCBuildConfiguration;
			buildSettings = {
				ASSETCATALOG_COMPILER_APPICON_NAME = AppIcon;
				INFOPLIST_FILE = VideoPlayRecord/Info.plist;
				LD_RUNPATH_SEARCH_PATHS = "$(inherited) @executable_path/Frameworks";
				PRODUCT_BUNDLE_IDENTIFIER = com.VideoPlayRecord;
				PRODUCT_NAME = "$(TARGET_NAME)";
			};
			name = Release;
		};
/* End XCBuildConfiguration section */

/* Begin XCConfigurationList section */
		464634AA1CC19140003DAB09 /* Build configuration list for PBXProject "VideoPlayRecord" */ = {
			isa = XCConfigurationList;
			buildConfigurations = (
				464634C21CC19140003DAB09 /* Debug */,
				464634C31CC19140003DAB09 /* Release */,
			);
			defaultConfigurationIsVisible = 0;
			defaultConfigurationName = Release;
		};
		464634C41CC19140003DAB09 /* Build configuration list for PBXNativeTarget "VideoPlayRecord" */ = {
			isa = XCConfigurationList;
			buildConfigurations = (
				464634C51CC19140003DAB09 /* Debug */,
				464634C61CC19140003DAB09 /* Release */,
			);
			defaultConfigurationIsVisible = 0;
		};
/* End XCConfigurationList section */

/* Begin XCVersionGroup section */
		464634B91CC19140003DAB09 /* VideoPlayRecord.xcdatamodeld */ = {
			isa = XCVersionGroup;
			children = (
				464634BA1CC19140003DAB09 /* VideoPlayRecord.xcdatamodel */,
			);
			currentVersion = 464634BA1CC19140003DAB09 /* VideoPlayRecord.xcdatamodel */;
			path = VideoPlayRecord.xcdatamodeld;
			sourceTree = "<group>";
			versionGroupType = wrapper.xcdatamodel;
		};
/* End XCVersionGroup section */
	};
	rootObject = 464634A71CC19140003DAB09 /* Project object */;
}
